// !$*UTF8*$!
{
	archiveVersion = 1;
	classes = {
	};
	objectVersion = 48;
	objects = {

/* Begin PBXBuildFile section */
		C167E013AE389C32D8E31563 /* Pods_ColorBook2.framework in Frameworks */ = {isa = PBXBuildFile; fileRef = F970F01B4C8E39D1BB70CF7F /* Pods_ColorBook2.framework */; };
		D607F1BF2004A8130005AE5E /* gray camera.png in Resources */ = {isa = PBXBuildFile; fileRef = D607F1BE2004A8130005AE5E /* gray camera.png */; };
		D607F1C12004A99F0005AE5E /* picture icon.png in Resources */ = {isa = PBXBuildFile; fileRef = D607F1C02004A99F0005AE5E /* picture icon.png */; };
		D607F1C32004B9910005AE5E /* ChooseImageViewController.swift in Sources */ = {isa = PBXBuildFile; fileRef = D607F1C22004B9910005AE5E /* ChooseImageViewController.swift */; };
		D62EBF1B2000E43600B6FA88 /* PaintingCollectionViewController.swift in Sources */ = {isa = PBXBuildFile; fileRef = D62EBF1A2000E43600B6FA88 /* PaintingCollectionViewController.swift */; };
		D62EBF5920010B2E00B6FA88 /* config.swift in Sources */ = {isa = PBXBuildFile; fileRef = D62EBF5820010B2E00B6FA88 /* config.swift */; };
		D660D107200B3CF80078839B /* RawBook.swift in Sources */ = {isa = PBXBuildFile; fileRef = D660D106200B3CF80078839B /* RawBook.swift */; };
		D660D109200B3D040078839B /* RawPainting.swift in Sources */ = {isa = PBXBuildFile; fileRef = D660D108200B3D040078839B /* RawPainting.swift */; };
		D660D10B200B40890078839B /* EntityTrans.swift in Sources */ = {isa = PBXBuildFile; fileRef = D660D10A200B40890078839B /* EntityTrans.swift */; };
		D660D121200BA9F00078839B /* NewBookViewController.swift in Sources */ = {isa = PBXBuildFile; fileRef = D660D120200BA9F00078839B /* NewBookViewController.swift */; };
		D660D123200BAA350078839B /* BookImageCollectionViewCell.swift in Sources */ = {isa = PBXBuildFile; fileRef = D660D122200BAA350078839B /* BookImageCollectionViewCell.swift */; };
		D660D130200BB0170078839B /* elephant.jpg in Resources */ = {isa = PBXBuildFile; fileRef = D660D125200BAFFA0078839B /* elephant.jpg */; };
		D660D131200BB0170078839B /* fox.jpg in Resources */ = {isa = PBXBuildFile; fileRef = D660D126200BAFFA0078839B /* fox.jpg */; };
		D660D132200BB0170078839B /* hedgehogs.jpg in Resources */ = {isa = PBXBuildFile; fileRef = D660D127200BAFFA0078839B /* hedgehogs.jpg */; };
		D660D133200BB0170078839B /* monkey.jpg in Resources */ = {isa = PBXBuildFile; fileRef = D660D128200BAFFA0078839B /* monkey.jpg */; };
		D660D134200BB0170078839B /* mountain.png in Resources */ = {isa = PBXBuildFile; fileRef = D660D129200BAFFA0078839B /* mountain.png */; };
		D660D135200BB0170078839B /* mouse.jpg in Resources */ = {isa = PBXBuildFile; fileRef = D660D12A200BAFFA0078839B /* mouse.jpg */; };
		D660D136200BB0170078839B /* owl.jpg in Resources */ = {isa = PBXBuildFile; fileRef = D660D12B200BAFFA0078839B /* owl.jpg */; };
		D660D137200BB0170078839B /* rabbit.jpg in Resources */ = {isa = PBXBuildFile; fileRef = D660D12C200BAFFA0078839B /* rabbit.jpg */; };
		D660D138200BB0170078839B /* tortoise.gif in Resources */ = {isa = PBXBuildFile; fileRef = D660D12D200BAFFA0078839B /* tortoise.gif */; };
		D660D139200BB0170078839B /* winter.jpg in Resources */ = {isa = PBXBuildFile; fileRef = D660D12E200BAFFA0078839B /* winter.jpg */; };
		D660D13A200BB0170078839B /* witch.jpg in Resources */ = {isa = PBXBuildFile; fileRef = D660D12F200BAFFA0078839B /* witch.jpg */; };
		D660D13D200BF2D00078839B /* UserViewController.swift in Sources */ = {isa = PBXBuildFile; fileRef = D660D13B200BF2D00078839B /* UserViewController.swift */; };
		D660D13E200BF2D00078839B /* UserViewController.xib in Resources */ = {isa = PBXBuildFile; fileRef = D660D13C200BF2D00078839B /* UserViewController.xib */; };
		D660D147200BF5520078839B /* UIView.swift in Sources */ = {isa = PBXBuildFile; fileRef = D660D13F200BF5510078839B /* UIView.swift */; };
		D660D148200BF5520078839B /* UIImage.swift in Sources */ = {isa = PBXBuildFile; fileRef = D660D140200BF5510078839B /* UIImage.swift */; };
		D660D149200BF5520078839B /* UIViewController.swift in Sources */ = {isa = PBXBuildFile; fileRef = D660D141200BF5510078839B /* UIViewController.swift */; };
		D660D14A200BF5520078839B /* UITableViewExtension.swift in Sources */ = {isa = PBXBuildFile; fileRef = D660D142200BF5510078839B /* UITableViewExtension.swift */; };
		D660D14B200BF5520078839B /* UIApplication.swift in Sources */ = {isa = PBXBuildFile; fileRef = D660D143200BF5510078839B /* UIApplication.swift */; };
		D660D14C200BF5520078839B /* UIImageView.swift in Sources */ = {isa = PBXBuildFile; fileRef = D660D144200BF5510078839B /* UIImageView.swift */; };
		D660D14D200BF5520078839B /* UIColor.swift in Sources */ = {isa = PBXBuildFile; fileRef = D660D145200BF5510078839B /* UIColor.swift */; };
		D660D14E200BF5520078839B /* String.swift in Sources */ = {isa = PBXBuildFile; fileRef = D660D146200BF5520078839B /* String.swift */; };
		D660D150200C1CA40078839B /* SideTableViewCell.swift in Sources */ = {isa = PBXBuildFile; fileRef = D660D14F200C1CA40078839B /* SideTableViewCell.swift */; };
		D6A32F8E1FDE80EF004BDE36 /* AppDelegate.swift in Sources */ = {isa = PBXBuildFile; fileRef = D6A32F8D1FDE80EF004BDE36 /* AppDelegate.swift */; };
		D6A32F931FDE80EF004BDE36 /* Main.storyboard in Resources */ = {isa = PBXBuildFile; fileRef = D6A32F911FDE80EF004BDE36 /* Main.storyboard */; };
		D6A32F951FDE80EF004BDE36 /* Assets.xcassets in Resources */ = {isa = PBXBuildFile; fileRef = D6A32F941FDE80EF004BDE36 /* Assets.xcassets */; };
		D6A32F981FDE80EF004BDE36 /* LaunchScreen.storyboard in Resources */ = {isa = PBXBuildFile; fileRef = D6A32F961FDE80EF004BDE36 /* LaunchScreen.storyboard */; };
		D6A32FA31FDE80EF004BDE36 /* ColorBook2Tests.swift in Sources */ = {isa = PBXBuildFile; fileRef = D6A32FA21FDE80EF004BDE36 /* ColorBook2Tests.swift */; };
		D6A32FAE1FDE80EF004BDE36 /* ColorBook2UITests.swift in Sources */ = {isa = PBXBuildFile; fileRef = D6A32FAD1FDE80EF004BDE36 /* ColorBook2UITests.swift */; };
		D6A32FC21FDE8230004BDE36 /* JSONContent.swift in Sources */ = {isa = PBXBuildFile; fileRef = D6A32FBB1FDE822A004BDE36 /* JSONContent.swift */; };
		D6A32FC31FDE8230004BDE36 /* Base64Util.swift in Sources */ = {isa = PBXBuildFile; fileRef = D6A32FBC1FDE822B004BDE36 /* Base64Util.swift */; };
		D6A32FC41FDE8230004BDE36 /* Painting.swift in Sources */ = {isa = PBXBuildFile; fileRef = D6A32FBD1FDE822C004BDE36 /* Painting.swift */; };
		D6A32FC51FDE8230004BDE36 /* SwiftyJSON.swift in Sources */ = {isa = PBXBuildFile; fileRef = D6A32FBE1FDE822D004BDE36 /* SwiftyJSON.swift */; };
		D6A32FC71FDE8230004BDE36 /* Book.swift in Sources */ = {isa = PBXBuildFile; fileRef = D6A32FC01FDE822F004BDE36 /* Book.swift */; };
		D6A32FC81FDE8230004BDE36 /* BookCollectionViewController.swift in Sources */ = {isa = PBXBuildFile; fileRef = D6A32FC11FDE8230004BDE36 /* BookCollectionViewController.swift */; };
		D6A32FCB1FDEEBD6004BDE36 /* DataLoader.swift in Sources */ = {isa = PBXBuildFile; fileRef = D6A32FCA1FDEEBD6004BDE36 /* DataLoader.swift */; };
		D6A32FCD1FDEF606004BDE36 /* BookCollectionViewCell.swift in Sources */ = {isa = PBXBuildFile; fileRef = D6A32FCC1FDEF606004BDE36 /* BookCollectionViewCell.swift */; };
		D6A34EAA200725D1004647AB /* PaintingPanelViewController.swift in Sources */ = {isa = PBXBuildFile; fileRef = D6A34EA9200725D0004647AB /* PaintingPanelViewController.swift */; };
		D6B793BF2003AE95007B3C49 /* PaintingCollectionViewCell.swift in Sources */ = {isa = PBXBuildFile; fileRef = D6B793BE2003AE95007B3C49 /* PaintingCollectionViewCell.swift */; };
		D6C85EBA2005DD82005ABEBE /* TransparentImage.swift in Sources */ = {isa = PBXBuildFile; fileRef = D6C85EB92005DD82005ABEBE /* TransparentImage.swift */; };
		D6C85EBC20061EC9005ABEBE /* RealmUtil.swift in Sources */ = {isa = PBXBuildFile; fileRef = D6C85EBB20061EC9005ABEBE /* RealmUtil.swift */; };
		D6CE0D91200200D50029BFD9 /* allBook.json in Resources */ = {isa = PBXBuildFile; fileRef = D6CE0D8F200200D50029BFD9 /* allBook.json */; };
		D6D0E19A2004F6D200BF279A /* CannyFilter.swift in Sources */ = {isa = PBXBuildFile; fileRef = D6D0E1992004F6D200BF279A /* CannyFilter.swift */; };
		D6D766762003BBD1006B718E /* newImgView.png in Resources */ = {isa = PBXBuildFile; fileRef = D6D766752003BBD0006B718E /* newImgView.png */; };
		D6F74B722003D9CC0020065C /* NewPaintingViewCell.swift in Sources */ = {isa = PBXBuildFile; fileRef = D6F74B712003D9CC0020065C /* NewPaintingViewCell.swift */; };
		D6F74B742003DA030020065C /* NewBookViewCell.swift in Sources */ = {isa = PBXBuildFile; fileRef = D6F74B732003DA030020065C /* NewBookViewCell.swift */; };
/* End PBXBuildFile section */

/* Begin PBXContainerItemProxy section */
		D6A32F9F1FDE80EF004BDE36 /* PBXContainerItemProxy */ = {
			isa = PBXContainerItemProxy;
			containerPortal = D6A32F821FDE80EF004BDE36 /* Project object */;
			proxyType = 1;
			remoteGlobalIDString = D6A32F891FDE80EF004BDE36;
			remoteInfo = ColorBook2;
		};
		D6A32FAA1FDE80EF004BDE36 /* PBXContainerItemProxy */ = {
			isa = PBXContainerItemProxy;
			containerPortal = D6A32F821FDE80EF004BDE36 /* Project object */;
			proxyType = 1;
			remoteGlobalIDString = D6A32F891FDE80EF004BDE36;
			remoteInfo = ColorBook2;
		};
/* End PBXContainerItemProxy section */

/* Begin PBXFileReference section */
		A3401723984EC67E9FAA2BCD /* Pods_ColorBook2UITests.framework */ = {isa = PBXFileReference; explicitFileType = wrapper.framework; includeInIndex = 0; path = Pods_ColorBook2UITests.framework; sourceTree = BUILT_PRODUCTS_DIR; };
		A500426424B8CBF243A00F82 /* Pods-ColorBook2.release.xcconfig */ = {isa = PBXFileReference; includeInIndex = 1; lastKnownFileType = text.xcconfig; name = "Pods-ColorBook2.release.xcconfig"; path = "Pods/Target Support Files/Pods-ColorBook2/Pods-ColorBook2.release.xcconfig"; sourceTree = "<group>"; };
		AC7FAB820FED92779DC64DA0 /* Pods-ColorBook2.debug.xcconfig */ = {isa = PBXFileReference; includeInIndex = 1; lastKnownFileType = text.xcconfig; name = "Pods-ColorBook2.debug.xcconfig"; path = "Pods/Target Support Files/Pods-ColorBook2/Pods-ColorBook2.debug.xcconfig"; sourceTree = "<group>"; };
		D607F1BE2004A8130005AE5E /* gray camera.png */ = {isa = PBXFileReference; lastKnownFileType = image.png; name = "gray camera.png"; path = "../../../Design/gray camera.png"; sourceTree = "<group>"; };
		D607F1C02004A99F0005AE5E /* picture icon.png */ = {isa = PBXFileReference; lastKnownFileType = image.png; name = "picture icon.png"; path = "../../../Design/picture icon.png"; sourceTree = "<group>"; };
		D607F1C22004B9910005AE5E /* ChooseImageViewController.swift */ = {isa = PBXFileReference; lastKnownFileType = sourcecode.swift; path = ChooseImageViewController.swift; sourceTree = "<group>"; };
		D62EBF1A2000E43600B6FA88 /* PaintingCollectionViewController.swift */ = {isa = PBXFileReference; lastKnownFileType = sourcecode.swift; path = PaintingCollectionViewController.swift; sourceTree = "<group>"; };
		D62EBF5820010B2E00B6FA88 /* config.swift */ = {isa = PBXFileReference; lastKnownFileType = sourcecode.swift; path = config.swift; sourceTree = "<group>"; };
		D660D106200B3CF80078839B /* RawBook.swift */ = {isa = PBXFileReference; lastKnownFileType = sourcecode.swift; path = RawBook.swift; sourceTree = "<group>"; };
		D660D108200B3D040078839B /* RawPainting.swift */ = {isa = PBXFileReference; lastKnownFileType = sourcecode.swift; path = RawPainting.swift; sourceTree = "<group>"; };
		D660D10A200B40890078839B /* EntityTrans.swift */ = {isa = PBXFileReference; lastKnownFileType = sourcecode.swift; path = EntityTrans.swift; sourceTree = "<group>"; };
		D660D120200BA9F00078839B /* NewBookViewController.swift */ = {isa = PBXFileReference; lastKnownFileType = sourcecode.swift; path = NewBookViewController.swift; sourceTree = "<group>"; };
		D660D122200BAA350078839B /* BookImageCollectionViewCell.swift */ = {isa = PBXFileReference; lastKnownFileType = sourcecode.swift; path = BookImageCollectionViewCell.swift; sourceTree = "<group>"; };
		D660D125200BAFFA0078839B /* elephant.jpg */ = {isa = PBXFileReference; lastKnownFileType = image.jpeg; path = elephant.jpg; sourceTree = "<group>"; };
		D660D126200BAFFA0078839B /* fox.jpg */ = {isa = PBXFileReference; lastKnownFileType = image.jpeg; path = fox.jpg; sourceTree = "<group>"; };
		D660D127200BAFFA0078839B /* hedgehogs.jpg */ = {isa = PBXFileReference; lastKnownFileType = image.jpeg; path = hedgehogs.jpg; sourceTree = "<group>"; };
		D660D128200BAFFA0078839B /* monkey.jpg */ = {isa = PBXFileReference; lastKnownFileType = image.jpeg; path = monkey.jpg; sourceTree = "<group>"; };
		D660D129200BAFFA0078839B /* mountain.png */ = {isa = PBXFileReference; lastKnownFileType = image.png; path = mountain.png; sourceTree = "<group>"; };
		D660D12A200BAFFA0078839B /* mouse.jpg */ = {isa = PBXFileReference; lastKnownFileType = image.jpeg; path = mouse.jpg; sourceTree = "<group>"; };
		D660D12B200BAFFA0078839B /* owl.jpg */ = {isa = PBXFileReference; lastKnownFileType = image.jpeg; path = owl.jpg; sourceTree = "<group>"; };
		D660D12C200BAFFA0078839B /* rabbit.jpg */ = {isa = PBXFileReference; lastKnownFileType = image.jpeg; path = rabbit.jpg; sourceTree = "<group>"; };
		D660D12D200BAFFA0078839B /* tortoise.gif */ = {isa = PBXFileReference; lastKnownFileType = image.gif; path = tortoise.gif; sourceTree = "<group>"; };
		D660D12E200BAFFA0078839B /* winter.jpg */ = {isa = PBXFileReference; lastKnownFileType = image.jpeg; path = winter.jpg; sourceTree = "<group>"; };
		D660D12F200BAFFA0078839B /* witch.jpg */ = {isa = PBXFileReference; lastKnownFileType = image.jpeg; path = witch.jpg; sourceTree = "<group>"; };
		D660D13B200BF2D00078839B /* UserViewController.swift */ = {isa = PBXFileReference; lastKnownFileType = sourcecode.swift; path = UserViewController.swift; sourceTree = "<group>"; };
		D660D13C200BF2D00078839B /* UserViewController.xib */ = {isa = PBXFileReference; lastKnownFileType = file.xib; path = UserViewController.xib; sourceTree = "<group>"; };
		D660D13F200BF5510078839B /* UIView.swift */ = {isa = PBXFileReference; fileEncoding = 4; lastKnownFileType = sourcecode.swift; name = UIView.swift; path = ../../../SlideMenuControllerSwift/SlideMenuControllerSwift/UIView.swift; sourceTree = "<group>"; };
		D660D140200BF5510078839B /* UIImage.swift */ = {isa = PBXFileReference; fileEncoding = 4; lastKnownFileType = sourcecode.swift; name = UIImage.swift; path = ../../../SlideMenuControllerSwift/SlideMenuControllerSwift/UIImage.swift; sourceTree = "<group>"; };
		D660D141200BF5510078839B /* UIViewController.swift */ = {isa = PBXFileReference; fileEncoding = 4; lastKnownFileType = sourcecode.swift; name = UIViewController.swift; path = ../../../SlideMenuControllerSwift/SlideMenuControllerSwift/UIViewController.swift; sourceTree = "<group>"; };
		D660D142200BF5510078839B /* UITableViewExtension.swift */ = {isa = PBXFileReference; fileEncoding = 4; lastKnownFileType = sourcecode.swift; name = UITableViewExtension.swift; path = ../../../SlideMenuControllerSwift/SlideMenuControllerSwift/UITableViewExtension.swift; sourceTree = "<group>"; };
		D660D143200BF5510078839B /* UIApplication.swift */ = {isa = PBXFileReference; fileEncoding = 4; lastKnownFileType = sourcecode.swift; name = UIApplication.swift; path = ../../../SlideMenuControllerSwift/SlideMenuControllerSwift/UIApplication.swift; sourceTree = "<group>"; };
		D660D144200BF5510078839B /* UIImageView.swift */ = {isa = PBXFileReference; fileEncoding = 4; lastKnownFileType = sourcecode.swift; name = UIImageView.swift; path = ../../../SlideMenuControllerSwift/SlideMenuControllerSwift/UIImageView.swift; sourceTree = "<group>"; };
		D660D145200BF5510078839B /* UIColor.swift */ = {isa = PBXFileReference; fileEncoding = 4; lastKnownFileType = sourcecode.swift; name = UIColor.swift; path = ../../../SlideMenuControllerSwift/SlideMenuControllerSwift/UIColor.swift; sourceTree = "<group>"; };
		D660D146200BF5520078839B /* String.swift */ = {isa = PBXFileReference; fileEncoding = 4; lastKnownFileType = sourcecode.swift; name = String.swift; path = ../../../SlideMenuControllerSwift/SlideMenuControllerSwift/String.swift; sourceTree = "<group>"; };
		D660D14F200C1CA40078839B /* SideTableViewCell.swift */ = {isa = PBXFileReference; lastKnownFileType = sourcecode.swift; path = SideTableViewCell.swift; sourceTree = "<group>"; };
		D6A32F8A1FDE80EF004BDE36 /* ColorBook2.app */ = {isa = PBXFileReference; explicitFileType = wrapper.application; includeInIndex = 0; path = ColorBook2.app; sourceTree = BUILT_PRODUCTS_DIR; };
		D6A32F8D1FDE80EF004BDE36 /* AppDelegate.swift */ = {isa = PBXFileReference; lastKnownFileType = sourcecode.swift; path = AppDelegate.swift; sourceTree = "<group>"; };
		D6A32F921FDE80EF004BDE36 /* Base */ = {isa = PBXFileReference; lastKnownFileType = file.storyboard; name = Base; path = Base.lproj/Main.storyboard; sourceTree = "<group>"; };
		D6A32F941FDE80EF004BDE36 /* Assets.xcassets */ = {isa = PBXFileReference; lastKnownFileType = folder.assetcatalog; path = Assets.xcassets; sourceTree = "<group>"; };
		D6A32F971FDE80EF004BDE36 /* Base */ = {isa = PBXFileReference; lastKnownFileType = file.storyboard; name = Base; path = Base.lproj/LaunchScreen.storyboard; sourceTree = "<group>"; };
		D6A32F991FDE80EF004BDE36 /* Info.plist */ = {isa = PBXFileReference; lastKnownFileType = text.plist.xml; path = Info.plist; sourceTree = "<group>"; };
		D6A32F9E1FDE80EF004BDE36 /* ColorBook2Tests.xctest */ = {isa = PBXFileReference; explicitFileType = wrapper.cfbundle; includeInIndex = 0; path = ColorBook2Tests.xctest; sourceTree = BUILT_PRODUCTS_DIR; };
		D6A32FA21FDE80EF004BDE36 /* ColorBook2Tests.swift */ = {isa = PBXFileReference; lastKnownFileType = sourcecode.swift; path = ColorBook2Tests.swift; sourceTree = "<group>"; };
		D6A32FA41FDE80EF004BDE36 /* Info.plist */ = {isa = PBXFileReference; lastKnownFileType = text.plist.xml; path = Info.plist; sourceTree = "<group>"; };
		D6A32FA91FDE80EF004BDE36 /* ColorBook2UITests.xctest */ = {isa = PBXFileReference; explicitFileType = wrapper.cfbundle; includeInIndex = 0; path = ColorBook2UITests.xctest; sourceTree = BUILT_PRODUCTS_DIR; };
		D6A32FAD1FDE80EF004BDE36 /* ColorBook2UITests.swift */ = {isa = PBXFileReference; lastKnownFileType = sourcecode.swift; path = ColorBook2UITests.swift; sourceTree = "<group>"; };
		D6A32FAF1FDE80EF004BDE36 /* Info.plist */ = {isa = PBXFileReference; lastKnownFileType = text.plist.xml; path = Info.plist; sourceTree = "<group>"; };
		D6A32FBB1FDE822A004BDE36 /* JSONContent.swift */ = {isa = PBXFileReference; fileEncoding = 4; lastKnownFileType = sourcecode.swift; path = JSONContent.swift; sourceTree = "<group>"; };
		D6A32FBC1FDE822B004BDE36 /* Base64Util.swift */ = {isa = PBXFileReference; fileEncoding = 4; lastKnownFileType = sourcecode.swift; path = Base64Util.swift; sourceTree = "<group>"; };
		D6A32FBD1FDE822C004BDE36 /* Painting.swift */ = {isa = PBXFileReference; fileEncoding = 4; lastKnownFileType = sourcecode.swift; path = Painting.swift; sourceTree = "<group>"; };
		D6A32FBE1FDE822D004BDE36 /* SwiftyJSON.swift */ = {isa = PBXFileReference; fileEncoding = 4; lastKnownFileType = sourcecode.swift; path = SwiftyJSON.swift; sourceTree = "<group>"; };
		D6A32FC01FDE822F004BDE36 /* Book.swift */ = {isa = PBXFileReference; fileEncoding = 4; lastKnownFileType = sourcecode.swift; path = Book.swift; sourceTree = "<group>"; };
		D6A32FC11FDE8230004BDE36 /* BookCollectionViewController.swift */ = {isa = PBXFileReference; fileEncoding = 4; lastKnownFileType = sourcecode.swift; path = BookCollectionViewController.swift; sourceTree = "<group>"; };
		D6A32FCA1FDEEBD6004BDE36 /* DataLoader.swift */ = {isa = PBXFileReference; lastKnownFileType = sourcecode.swift; path = DataLoader.swift; sourceTree = "<group>"; };
		D6A32FCC1FDEF606004BDE36 /* BookCollectionViewCell.swift */ = {isa = PBXFileReference; lastKnownFileType = sourcecode.swift; path = BookCollectionViewCell.swift; sourceTree = "<group>"; };
		D6A34EA9200725D0004647AB /* PaintingPanelViewController.swift */ = {isa = PBXFileReference; lastKnownFileType = sourcecode.swift; path = PaintingPanelViewController.swift; sourceTree = "<group>"; };
		D6B793BE2003AE95007B3C49 /* PaintingCollectionViewCell.swift */ = {isa = PBXFileReference; lastKnownFileType = sourcecode.swift; path = PaintingCollectionViewCell.swift; sourceTree = "<group>"; };
		D6C85EB92005DD82005ABEBE /* TransparentImage.swift */ = {isa = PBXFileReference; lastKnownFileType = sourcecode.swift; path = TransparentImage.swift; sourceTree = "<group>"; };
		D6C85EBB20061EC9005ABEBE /* RealmUtil.swift */ = {isa = PBXFileReference; lastKnownFileType = sourcecode.swift; path = RealmUtil.swift; sourceTree = "<group>"; };
		D6CE0D8F200200D50029BFD9 /* allBook.json */ = {isa = PBXFileReference; lastKnownFileType = text.json; name = allBook.json; path = ColorBook2/sources/allBook.json; sourceTree = "<group>"; };
		D6D0E1992004F6D200BF279A /* CannyFilter.swift */ = {isa = PBXFileReference; lastKnownFileType = sourcecode.swift; path = CannyFilter.swift; sourceTree = "<group>"; };
		D6D766752003BBD0006B718E /* newImgView.png */ = {isa = PBXFileReference; lastKnownFileType = image.png; name = newImgView.png; path = ../../../Design/newImgView.png; sourceTree = "<group>"; };
		D6F74B712003D9CC0020065C /* NewPaintingViewCell.swift */ = {isa = PBXFileReference; lastKnownFileType = sourcecode.swift; path = NewPaintingViewCell.swift; sourceTree = "<group>"; };
		D6F74B732003DA030020065C /* NewBookViewCell.swift */ = {isa = PBXFileReference; lastKnownFileType = sourcecode.swift; path = NewBookViewCell.swift; sourceTree = "<group>"; };
		E7B20AAB5BC4DE6A10509D4A /* Pods_ColorBook2Tests.framework */ = {isa = PBXFileReference; explicitFileType = wrapper.framework; includeInIndex = 0; path = Pods_ColorBook2Tests.framework; sourceTree = BUILT_PRODUCTS_DIR; };
		F970F01B4C8E39D1BB70CF7F /* Pods_ColorBook2.framework */ = {isa = PBXFileReference; explicitFileType = wrapper.framework; includeInIndex = 0; path = Pods_ColorBook2.framework; sourceTree = BUILT_PRODUCTS_DIR; };
/* End PBXFileReference section */

/* Begin PBXFrameworksBuildPhase section */
		D6A32F871FDE80EF004BDE36 /* Frameworks */ = {
			isa = PBXFrameworksBuildPhase;
			buildActionMask = 2147483647;
			files = (
				C167E013AE389C32D8E31563 /* Pods_ColorBook2.framework in Frameworks */,
			);
			runOnlyForDeploymentPostprocessing = 0;
		};
		D6A32F9B1FDE80EF004BDE36 /* Frameworks */ = {
			isa = PBXFrameworksBuildPhase;
			buildActionMask = 2147483647;
			files = (
			);
			runOnlyForDeploymentPostprocessing = 0;
		};
		D6A32FA61FDE80EF004BDE36 /* Frameworks */ = {
			isa = PBXFrameworksBuildPhase;
			buildActionMask = 2147483647;
			files = (
			);
			runOnlyForDeploymentPostprocessing = 0;
		};
/* End PBXFrameworksBuildPhase section */

/* Begin PBXGroup section */
		59EC3562814DF49E43185D08 /* Frameworks */ = {
			isa = PBXGroup;
			children = (
				F970F01B4C8E39D1BB70CF7F /* Pods_ColorBook2.framework */,
				E7B20AAB5BC4DE6A10509D4A /* Pods_ColorBook2Tests.framework */,
				A3401723984EC67E9FAA2BCD /* Pods_ColorBook2UITests.framework */,
			);
			name = Frameworks;
			sourceTree = "<group>";
		};
		7FA50E0C8F4D5ABEA99C52A5 /* Pods */ = {
			isa = PBXGroup;
			children = (
				AC7FAB820FED92779DC64DA0 /* Pods-ColorBook2.debug.xcconfig */,
				A500426424B8CBF243A00F82 /* Pods-ColorBook2.release.xcconfig */,
			);
			name = Pods;
			sourceTree = "<group>";
		};
		D62EBF182000C78D00B6FA88 /* Util */ = {
			isa = PBXGroup;
			children = (
				D660D146200BF5520078839B /* String.swift */,
				D660D143200BF5510078839B /* UIApplication.swift */,
				D660D145200BF5510078839B /* UIColor.swift */,
				D660D140200BF5510078839B /* UIImage.swift */,
				D660D144200BF5510078839B /* UIImageView.swift */,
				D660D142200BF5510078839B /* UITableViewExtension.swift */,
				D660D13F200BF5510078839B /* UIView.swift */,
				D660D141200BF5510078839B /* UIViewController.swift */,
				D6A32FBC1FDE822B004BDE36 /* Base64Util.swift */,
				D6A32FBE1FDE822D004BDE36 /* SwiftyJSON.swift */,
				D6D0E1992004F6D200BF279A /* CannyFilter.swift */,
				D6C85EB92005DD82005ABEBE /* TransparentImage.swift */,
				D6C85EBB20061EC9005ABEBE /* RealmUtil.swift */,
				D6A32FCA1FDEEBD6004BDE36 /* DataLoader.swift */,
				D6A32FBB1FDE822A004BDE36 /* JSONContent.swift */,
				D660D10A200B40890078839B /* EntityTrans.swift */,
			);
			path = Util;
			sourceTree = "<group>";
		};
		D62EBF192000C7AA00B6FA88 /* Entity */ = {
			isa = PBXGroup;
			children = (
				D6A32FC01FDE822F004BDE36 /* Book.swift */,
				D6A32FBD1FDE822C004BDE36 /* Painting.swift */,
				D660D106200B3CF80078839B /* RawBook.swift */,
				D660D108200B3D040078839B /* RawPainting.swift */,
			);
			path = Entity;
			sourceTree = "<group>";
		};
		D660D11F200B73F70078839B /* Cell */ = {
			isa = PBXGroup;
			children = (
				D6F74B712003D9CC0020065C /* NewPaintingViewCell.swift */,
				D6F74B732003DA030020065C /* NewBookViewCell.swift */,
				D6A32FCC1FDEF606004BDE36 /* BookCollectionViewCell.swift */,
				D6B793BE2003AE95007B3C49 /* PaintingCollectionViewCell.swift */,
				D660D122200BAA350078839B /* BookImageCollectionViewCell.swift */,
				D660D14F200C1CA40078839B /* SideTableViewCell.swift */,
			);
			path = Cell;
			sourceTree = "<group>";
		};
		D660D124200BAFFA0078839B /* image_res */ = {
			isa = PBXGroup;
			children = (
				D660D125200BAFFA0078839B /* elephant.jpg */,
				D660D126200BAFFA0078839B /* fox.jpg */,
				D660D127200BAFFA0078839B /* hedgehogs.jpg */,
				D660D128200BAFFA0078839B /* monkey.jpg */,
				D660D129200BAFFA0078839B /* mountain.png */,
				D660D12A200BAFFA0078839B /* mouse.jpg */,
				D660D12B200BAFFA0078839B /* owl.jpg */,
				D660D12C200BAFFA0078839B /* rabbit.jpg */,
				D660D12D200BAFFA0078839B /* tortoise.gif */,
				D660D12E200BAFFA0078839B /* winter.jpg */,
				D660D12F200BAFFA0078839B /* witch.jpg */,
			);
			name = image_res;
			path = ../../../Design/image_res;
			sourceTree = "<group>";
		};
		D6A32F811FDE80EF004BDE36 = {
			isa = PBXGroup;
			children = (
				D660D124200BAFFA0078839B /* image_res */,
				D607F1C02004A99F0005AE5E /* picture icon.png */,
				D607F1BE2004A8130005AE5E /* gray camera.png */,
				D6D766752003BBD0006B718E /* newImgView.png */,
				D6CE0D8F200200D50029BFD9 /* allBook.json */,
				D6A32F8C1FDE80EF004BDE36 /* ColorBook2 */,
				D6A32FA11FDE80EF004BDE36 /* ColorBook2Tests */,
				D6A32FAC1FDE80EF004BDE36 /* ColorBook2UITests */,
				D6A32F8B1FDE80EF004BDE36 /* Products */,
				7FA50E0C8F4D5ABEA99C52A5 /* Pods */,
				59EC3562814DF49E43185D08 /* Frameworks */,
			);
			sourceTree = "<group>";
		};
		D6A32F8B1FDE80EF004BDE36 /* Products */ = {
			isa = PBXGroup;
			children = (
				D6A32F8A1FDE80EF004BDE36 /* ColorBook2.app */,
				D6A32F9E1FDE80EF004BDE36 /* ColorBook2Tests.xctest */,
				D6A32FA91FDE80EF004BDE36 /* ColorBook2UITests.xctest */,
			);
			name = Products;
			sourceTree = "<group>";
		};
		D6A32F8C1FDE80EF004BDE36 /* ColorBook2 */ = {
			isa = PBXGroup;
			children = (
				D6A32F911FDE80EF004BDE36 /* Main.storyboard */,
				D6A32F8D1FDE80EF004BDE36 /* AppDelegate.swift */,
				D6A32FC91FDE8278004BDE36 /* Controller */,
				D62EBF182000C78D00B6FA88 /* Util */,
				D62EBF192000C7AA00B6FA88 /* Entity */,
				D6A32F941FDE80EF004BDE36 /* Assets.xcassets */,
				D6A32F961FDE80EF004BDE36 /* LaunchScreen.storyboard */,
				D6A32F991FDE80EF004BDE36 /* Info.plist */,
				D62EBF5820010B2E00B6FA88 /* config.swift */,
			);
			path = ColorBook2;
			sourceTree = "<group>";
		};
		D6A32FA11FDE80EF004BDE36 /* ColorBook2Tests */ = {
			isa = PBXGroup;
			children = (
				D6A32FA21FDE80EF004BDE36 /* ColorBook2Tests.swift */,
				D6A32FA41FDE80EF004BDE36 /* Info.plist */,
			);
			path = ColorBook2Tests;
			sourceTree = "<group>";
		};
		D6A32FAC1FDE80EF004BDE36 /* ColorBook2UITests */ = {
			isa = PBXGroup;
			children = (
				D6A32FAD1FDE80EF004BDE36 /* ColorBook2UITests.swift */,
				D6A32FAF1FDE80EF004BDE36 /* Info.plist */,
			);
			path = ColorBook2UITests;
			sourceTree = "<group>";
		};
		D6A32FC91FDE8278004BDE36 /* Controller */ = {
			isa = PBXGroup;
			children = (
				D660D11F200B73F70078839B /* Cell */,
				D6A32FC11FDE8230004BDE36 /* BookCollectionViewController.swift */,
				D62EBF1A2000E43600B6FA88 /* PaintingCollectionViewController.swift */,
				D607F1C22004B9910005AE5E /* ChooseImageViewController.swift */,
				D6A34EA9200725D0004647AB /* PaintingPanelViewController.swift */,
				D660D120200BA9F00078839B /* NewBookViewController.swift */,
				D660D13B200BF2D00078839B /* UserViewController.swift */,
				D660D13C200BF2D00078839B /* UserViewController.xib */,
			);
			path = Controller;
			sourceTree = "<group>";
		};
/* End PBXGroup section */

/* Begin PBXNativeTarget section */
		D6A32F891FDE80EF004BDE36 /* ColorBook2 */ = {
			isa = PBXNativeTarget;
			buildConfigurationList = D6A32FB21FDE80EF004BDE36 /* Build configuration list for PBXNativeTarget "ColorBook2" */;
			buildPhases = (
				21C586A9FC976B8E08546B0A /* [CP] Check Pods Manifest.lock */,
				D6A32F861FDE80EF004BDE36 /* Sources */,
				D6A32F871FDE80EF004BDE36 /* Frameworks */,
				D6A32F881FDE80EF004BDE36 /* Resources */,
				90E81A31ED273F55ACB16E84 /* [CP] Embed Pods Frameworks */,
				BA473B1BF9886B330EF9CE64 /* [CP] Copy Pods Resources */,
			);
			buildRules = (
			);
			dependencies = (
			);
			name = ColorBook2;
			productName = ColorBook2;
			productReference = D6A32F8A1FDE80EF004BDE36 /* ColorBook2.app */;
			productType = "com.apple.product-type.application";
		};
		D6A32F9D1FDE80EF004BDE36 /* ColorBook2Tests */ = {
			isa = PBXNativeTarget;
			buildConfigurationList = D6A32FB51FDE80EF004BDE36 /* Build configuration list for PBXNativeTarget "ColorBook2Tests" */;
			buildPhases = (
				D6A32F9A1FDE80EF004BDE36 /* Sources */,
				D6A32F9B1FDE80EF004BDE36 /* Frameworks */,
				D6A32F9C1FDE80EF004BDE36 /* Resources */,
			);
			buildRules = (
			);
			dependencies = (
				D6A32FA01FDE80EF004BDE36 /* PBXTargetDependency */,
			);
			name = ColorBook2Tests;
			productName = ColorBook2Tests;
			productReference = D6A32F9E1FDE80EF004BDE36 /* ColorBook2Tests.xctest */;
			productType = "com.apple.product-type.bundle.unit-test";
		};
		D6A32FA81FDE80EF004BDE36 /* ColorBook2UITests */ = {
			isa = PBXNativeTarget;
			buildConfigurationList = D6A32FB81FDE80EF004BDE36 /* Build configuration list for PBXNativeTarget "ColorBook2UITests" */;
			buildPhases = (
				D6A32FA51FDE80EF004BDE36 /* Sources */,
				D6A32FA61FDE80EF004BDE36 /* Frameworks */,
				D6A32FA71FDE80EF004BDE36 /* Resources */,
			);
			buildRules = (
			);
			dependencies = (
				D6A32FAB1FDE80EF004BDE36 /* PBXTargetDependency */,
			);
			name = ColorBook2UITests;
			productName = ColorBook2UITests;
			productReference = D6A32FA91FDE80EF004BDE36 /* ColorBook2UITests.xctest */;
			productType = "com.apple.product-type.bundle.ui-testing";
		};
/* End PBXNativeTarget section */

/* Begin PBXProject section */
		D6A32F821FDE80EF004BDE36 /* Project object */ = {
			isa = PBXProject;
			attributes = {
				LastSwiftUpdateCheck = 0920;
				LastUpgradeCheck = 0920;
				ORGANIZATIONNAME = "Shuqin Lee";
				TargetAttributes = {
					D6A32F891FDE80EF004BDE36 = {
						CreatedOnToolsVersion = 9.2;
						ProvisioningStyle = Automatic;
					};
					D6A32F9D1FDE80EF004BDE36 = {
						CreatedOnToolsVersion = 9.2;
						ProvisioningStyle = Automatic;
						TestTargetID = D6A32F891FDE80EF004BDE36;
					};
					D6A32FA81FDE80EF004BDE36 = {
						CreatedOnToolsVersion = 9.2;
						ProvisioningStyle = Automatic;
						TestTargetID = D6A32F891FDE80EF004BDE36;
					};
				};
			};
			buildConfigurationList = D6A32F851FDE80EF004BDE36 /* Build configuration list for PBXProject "ColorBook2" */;
			compatibilityVersion = "Xcode 8.0";
			developmentRegion = en;
			hasScannedForEncodings = 0;
			knownRegions = (
				en,
				Base,
			);
			mainGroup = D6A32F811FDE80EF004BDE36;
			productRefGroup = D6A32F8B1FDE80EF004BDE36 /* Products */;
			projectDirPath = "";
			projectRoot = "";
			targets = (
				D6A32F891FDE80EF004BDE36 /* ColorBook2 */,
				D6A32F9D1FDE80EF004BDE36 /* ColorBook2Tests */,
				D6A32FA81FDE80EF004BDE36 /* ColorBook2UITests */,
			);
		};
/* End PBXProject section */

/* Begin PBXResourcesBuildPhase section */
		D6A32F881FDE80EF004BDE36 /* Resources */ = {
			isa = PBXResourcesBuildPhase;
			buildActionMask = 2147483647;
			files = (
				D660D130200BB0170078839B /* elephant.jpg in Resources */,
				D660D131200BB0170078839B /* fox.jpg in Resources */,
				D660D132200BB0170078839B /* hedgehogs.jpg in Resources */,
				D660D133200BB0170078839B /* monkey.jpg in Resources */,
				D660D134200BB0170078839B /* mountain.png in Resources */,
				D660D135200BB0170078839B /* mouse.jpg in Resources */,
				D660D13E200BF2D00078839B /* UserViewController.xib in Resources */,
				D660D136200BB0170078839B /* owl.jpg in Resources */,
				D660D137200BB0170078839B /* rabbit.jpg in Resources */,
				D660D138200BB0170078839B /* tortoise.gif in Resources */,
				D660D139200BB0170078839B /* winter.jpg in Resources */,
				D660D13A200BB0170078839B /* witch.jpg in Resources */,
				D607F1C12004A99F0005AE5E /* picture icon.png in Resources */,
				D607F1BF2004A8130005AE5E /* gray camera.png in Resources */,
				D6D766762003BBD1006B718E /* newImgView.png in Resources */,
				D6CE0D91200200D50029BFD9 /* allBook.json in Resources */,
				D6A32F981FDE80EF004BDE36 /* LaunchScreen.storyboard in Resources */,
				D6A32F951FDE80EF004BDE36 /* Assets.xcassets in Resources */,
				D6A32F931FDE80EF004BDE36 /* Main.storyboard in Resources */,
			);
			runOnlyForDeploymentPostprocessing = 0;
		};
		D6A32F9C1FDE80EF004BDE36 /* Resources */ = {
			isa = PBXResourcesBuildPhase;
			buildActionMask = 2147483647;
			files = (
			);
			runOnlyForDeploymentPostprocessing = 0;
		};
		D6A32FA71FDE80EF004BDE36 /* Resources */ = {
			isa = PBXResourcesBuildPhase;
			buildActionMask = 2147483647;
			files = (
			);
			runOnlyForDeploymentPostprocessing = 0;
		};
/* End PBXResourcesBuildPhase section */

/* Begin PBXShellScriptBuildPhase section */
		21C586A9FC976B8E08546B0A /* [CP] Check Pods Manifest.lock */ = {
			isa = PBXShellScriptBuildPhase;
			buildActionMask = 2147483647;
			files = (
			);
			inputPaths = (
				"${PODS_PODFILE_DIR_PATH}/Podfile.lock",
				"${PODS_ROOT}/Manifest.lock",
			);
			name = "[CP] Check Pods Manifest.lock";
			outputPaths = (
				"$(DERIVED_FILE_DIR)/Pods-ColorBook2-checkManifestLockResult.txt",
			);
			runOnlyForDeploymentPostprocessing = 0;
			shellPath = /bin/sh;
			shellScript = "diff \"${PODS_PODFILE_DIR_PATH}/Podfile.lock\" \"${PODS_ROOT}/Manifest.lock\" > /dev/null\nif [ $? != 0 ] ; then\n    # print error to STDERR\n    echo \"error: The sandbox is not in sync with the Podfile.lock. Run 'pod install' or update your CocoaPods installation.\" >&2\n    exit 1\nfi\n# This output is used by Xcode 'outputs' to avoid re-running this script phase.\necho \"SUCCESS\" > \"${SCRIPT_OUTPUT_FILE_0}\"\n";
			showEnvVarsInLog = 0;
		};
		90E81A31ED273F55ACB16E84 /* [CP] Embed Pods Frameworks */ = {
			isa = PBXShellScriptBuildPhase;
			buildActionMask = 2147483647;
			files = (
			);
			inputPaths = (
				"${SRCROOT}/Pods/Target Support Files/Pods-ColorBook2/Pods-ColorBook2-frameworks.sh",
				"${BUILT_PRODUCTS_DIR}/ChameleonFramework/ChameleonFramework.framework",
				"${BUILT_PRODUCTS_DIR}/EVGPUImage2/EVGPUImage2.framework",
				"${BUILT_PRODUCTS_DIR}/Realm/Realm.framework",
				"${BUILT_PRODUCTS_DIR}/RealmSwift/RealmSwift.framework",
				"${BUILT_PRODUCTS_DIR}/SlideMenuControllerSwift/SlideMenuControllerSwift.framework",
			);
			name = "[CP] Embed Pods Frameworks";
			outputPaths = (
				"${TARGET_BUILD_DIR}/${FRAMEWORKS_FOLDER_PATH}/ChameleonFramework.framework",
				"${TARGET_BUILD_DIR}/${FRAMEWORKS_FOLDER_PATH}/EVGPUImage2.framework",
				"${TARGET_BUILD_DIR}/${FRAMEWORKS_FOLDER_PATH}/Realm.framework",
				"${TARGET_BUILD_DIR}/${FRAMEWORKS_FOLDER_PATH}/RealmSwift.framework",
				"${TARGET_BUILD_DIR}/${FRAMEWORKS_FOLDER_PATH}/SlideMenuControllerSwift.framework",
			);
			runOnlyForDeploymentPostprocessing = 0;
			shellPath = /bin/sh;
			shellScript = "\"${SRCROOT}/Pods/Target Support Files/Pods-ColorBook2/Pods-ColorBook2-frameworks.sh\"\n";
			showEnvVarsInLog = 0;
		};
		BA473B1BF9886B330EF9CE64 /* [CP] Copy Pods Resources */ = {
			isa = PBXShellScriptBuildPhase;
			buildActionMask = 2147483647;
			files = (
			);
			inputPaths = (
			);
			name = "[CP] Copy Pods Resources";
			outputPaths = (
			);
			runOnlyForDeploymentPostprocessing = 0;
			shellPath = /bin/sh;
			shellScript = "\"${SRCROOT}/Pods/Target Support Files/Pods-ColorBook2/Pods-ColorBook2-resources.sh\"\n";
			showEnvVarsInLog = 0;
		};
/* End PBXShellScriptBuildPhase section */

/* Begin PBXSourcesBuildPhase section */
		D6A32F861FDE80EF004BDE36 /* Sources */ = {
			isa = PBXSourcesBuildPhase;
			buildActionMask = 2147483647;
			files = (
				D660D147200BF5520078839B /* UIView.swift in Sources */,
				D6F74B742003DA030020065C /* NewBookViewCell.swift in Sources */,
				D6A32F8E1FDE80EF004BDE36 /* AppDelegate.swift in Sources */,
				D62EBF1B2000E43600B6FA88 /* PaintingCollectionViewController.swift in Sources */,
				D660D123200BAA350078839B /* BookImageCollectionViewCell.swift in Sources */,
				D660D14D200BF5520078839B /* UIColor.swift in Sources */,
				D660D10B200B40890078839B /* EntityTrans.swift in Sources */,
				D660D148200BF5520078839B /* UIImage.swift in Sources */,
				D6A32FC71FDE8230004BDE36 /* Book.swift in Sources */,
				D660D109200B3D040078839B /* RawPainting.swift in Sources */,
				D6A32FCD1FDEF606004BDE36 /* BookCollectionViewCell.swift in Sources */,
				D660D107200B3CF80078839B /* RawBook.swift in Sources */,
				D660D14E200BF5520078839B /* String.swift in Sources */,
				D6D0E19A2004F6D200BF279A /* CannyFilter.swift in Sources */,
				D607F1C32004B9910005AE5E /* ChooseImageViewController.swift in Sources */,
				D6C85EBA2005DD82005ABEBE /* TransparentImage.swift in Sources */,
				D660D14C200BF5520078839B /* UIImageView.swift in Sources */,
				D660D149200BF5520078839B /* UIViewController.swift in Sources */,
				D62EBF5920010B2E00B6FA88 /* config.swift in Sources */,
				D6F74B722003D9CC0020065C /* NewPaintingViewCell.swift in Sources */,
				D660D150200C1CA40078839B /* SideTableViewCell.swift in Sources */,
				D6A32FC41FDE8230004BDE36 /* Painting.swift in Sources */,
				D660D14B200BF5520078839B /* UIApplication.swift in Sources */,
				D6A32FC51FDE8230004BDE36 /* SwiftyJSON.swift in Sources */,
				D6A32FC31FDE8230004BDE36 /* Base64Util.swift in Sources */,
				D6A34EAA200725D1004647AB /* PaintingPanelViewController.swift in Sources */,
				D6A32FC21FDE8230004BDE36 /* JSONContent.swift in Sources */,
				D6C85EBC20061EC9005ABEBE /* RealmUtil.swift in Sources */,
				D6A32FC81FDE8230004BDE36 /* BookCollectionViewController.swift in Sources */,
				D660D13D200BF2D00078839B /* UserViewController.swift in Sources */,
				D6B793BF2003AE95007B3C49 /* PaintingCollectionViewCell.swift in Sources */,
				D660D14A200BF5520078839B /* UITableViewExtension.swift in Sources */,
				D660D121200BA9F00078839B /* NewBookViewController.swift in Sources */,
				D6A32FCB1FDEEBD6004BDE36 /* DataLoader.swift in Sources */,
			);
			runOnlyForDeploymentPostprocessing = 0;
		};
		D6A32F9A1FDE80EF004BDE36 /* Sources */ = {
			isa = PBXSourcesBuildPhase;
			buildActionMask = 2147483647;
			files = (
				D6A32FA31FDE80EF004BDE36 /* ColorBook2Tests.swift in Sources */,
			);
			runOnlyForDeploymentPostprocessing = 0;
		};
		D6A32FA51FDE80EF004BDE36 /* Sources */ = {
			isa = PBXSourcesBuildPhase;
			buildActionMask = 2147483647;
			files = (
				D6A32FAE1FDE80EF004BDE36 /* ColorBook2UITests.swift in Sources */,
			);
			runOnlyForDeploymentPostprocessing = 0;
		};
/* End PBXSourcesBuildPhase section */

/* Begin PBXTargetDependency section */
		D6A32FA01FDE80EF004BDE36 /* PBXTargetDependency */ = {
			isa = PBXTargetDependency;
			target = D6A32F891FDE80EF004BDE36 /* ColorBook2 */;
			targetProxy = D6A32F9F1FDE80EF004BDE36 /* PBXContainerItemProxy */;
		};
		D6A32FAB1FDE80EF004BDE36 /* PBXTargetDependency */ = {
			isa = PBXTargetDependency;
			target = D6A32F891FDE80EF004BDE36 /* ColorBook2 */;
			targetProxy = D6A32FAA1FDE80EF004BDE36 /* PBXContainerItemProxy */;
		};
/* End PBXTargetDependency section */

/* Begin PBXVariantGroup section */
		D6A32F911FDE80EF004BDE36 /* Main.storyboard */ = {
			isa = PBXVariantGroup;
			children = (
				D6A32F921FDE80EF004BDE36 /* Base */,
			);
			name = Main.storyboard;
			sourceTree = "<group>";
		};
		D6A32F961FDE80EF004BDE36 /* LaunchScreen.storyboard */ = {
			isa = PBXVariantGroup;
			children = (
				D6A32F971FDE80EF004BDE36 /* Base */,
			);
			name = LaunchScreen.storyboard;
			sourceTree = "<group>";
		};
/* End PBXVariantGroup section */

/* Begin XCBuildConfiguration section */
		D6A32FB01FDE80EF004BDE36 /* Debug */ = {
			isa = XCBuildConfiguration;
			buildSettings = {
				ALWAYS_SEARCH_USER_PATHS = NO;
				CLANG_ANALYZER_NONNULL = YES;
				CLANG_ANALYZER_NUMBER_OBJECT_CONVERSION = YES_AGGRESSIVE;
				CLANG_CXX_LANGUAGE_STANDARD = "gnu++14";
				CLANG_CXX_LIBRARY = "libc++";
				CLANG_ENABLE_MODULES = YES;
				CLANG_ENABLE_OBJC_ARC = YES;
				CLANG_WARN_BLOCK_CAPTURE_AUTORELEASING = YES;
				CLANG_WARN_BOOL_CONVERSION = YES;
				CLANG_WARN_COMMA = YES;
				CLANG_WARN_CONSTANT_CONVERSION = YES;
				CLANG_WARN_DIRECT_OBJC_ISA_USAGE = YES_ERROR;
				CLANG_WARN_DOCUMENTATION_COMMENTS = YES;
				CLANG_WARN_EMPTY_BODY = YES;
				CLANG_WARN_ENUM_CONVERSION = YES;
				CLANG_WARN_INFINITE_RECURSION = YES;
				CLANG_WARN_INT_CONVERSION = YES;
				CLANG_WARN_NON_LITERAL_NULL_CONVERSION = YES;
				CLANG_WARN_OBJC_LITERAL_CONVERSION = YES;
				CLANG_WARN_OBJC_ROOT_CLASS = YES_ERROR;
				CLANG_WARN_RANGE_LOOP_ANALYSIS = YES;
				CLANG_WARN_STRICT_PROTOTYPES = YES;
				CLANG_WARN_SUSPICIOUS_MOVE = YES;
				CLANG_WARN_UNGUARDED_AVAILABILITY = YES_AGGRESSIVE;
				CLANG_WARN_UNREACHABLE_CODE = YES;
				CLANG_WARN__DUPLICATE_METHOD_MATCH = YES;
				CODE_SIGN_IDENTITY = "iPhone Developer";
				COPY_PHASE_STRIP = NO;
				DEBUG_INFORMATION_FORMAT = dwarf;
				ENABLE_STRICT_OBJC_MSGSEND = YES;
				ENABLE_TESTABILITY = YES;
				GCC_C_LANGUAGE_STANDARD = gnu11;
				GCC_DYNAMIC_NO_PIC = NO;
				GCC_NO_COMMON_BLOCKS = YES;
				GCC_OPTIMIZATION_LEVEL = 0;
				GCC_PREPROCESSOR_DEFINITIONS = (
					"DEBUG=1",
					"$(inherited)",
				);
				GCC_WARN_64_TO_32_BIT_CONVERSION = YES;
				GCC_WARN_ABOUT_RETURN_TYPE = YES_ERROR;
				GCC_WARN_UNDECLARED_SELECTOR = YES;
				GCC_WARN_UNINITIALIZED_AUTOS = YES_AGGRESSIVE;
				GCC_WARN_UNUSED_FUNCTION = YES;
				GCC_WARN_UNUSED_VARIABLE = YES;
				IPHONEOS_DEPLOYMENT_TARGET = 11.2;
				MTL_ENABLE_DEBUG_INFO = YES;
				ONLY_ACTIVE_ARCH = YES;
				SDKROOT = iphoneos;
				SWIFT_ACTIVE_COMPILATION_CONDITIONS = DEBUG;
				SWIFT_OPTIMIZATION_LEVEL = "-Onone";
			};
			name = Debug;
		};
		D6A32FB11FDE80EF004BDE36 /* Release */ = {
			isa = XCBuildConfiguration;
			buildSettings = {
				ALWAYS_SEARCH_USER_PATHS = NO;
				CLANG_ANALYZER_NONNULL = YES;
				CLANG_ANALYZER_NUMBER_OBJECT_CONVERSION = YES_AGGRESSIVE;
				CLANG_CXX_LANGUAGE_STANDARD = "gnu++14";
				CLANG_CXX_LIBRARY = "libc++";
				CLANG_ENABLE_MODULES = YES;
				CLANG_ENABLE_OBJC_ARC = YES;
				CLANG_WARN_BLOCK_CAPTURE_AUTORELEASING = YES;
				CLANG_WARN_BOOL_CONVERSION = YES;
				CLANG_WARN_COMMA = YES;
				CLANG_WARN_CONSTANT_CONVERSION = YES;
				CLANG_WARN_DIRECT_OBJC_ISA_USAGE = YES_ERROR;
				CLANG_WARN_DOCUMENTATION_COMMENTS = YES;
				CLANG_WARN_EMPTY_BODY = YES;
				CLANG_WARN_ENUM_CONVERSION = YES;
				CLANG_WARN_INFINITE_RECURSION = YES;
				CLANG_WARN_INT_CONVERSION = YES;
				CLANG_WARN_NON_LITERAL_NULL_CONVERSION = YES;
				CLANG_WARN_OBJC_LITERAL_CONVERSION = YES;
				CLANG_WARN_OBJC_ROOT_CLASS = YES_ERROR;
				CLANG_WARN_RANGE_LOOP_ANALYSIS = YES;
				CLANG_WARN_STRICT_PROTOTYPES = YES;
				CLANG_WARN_SUSPICIOUS_MOVE = YES;
				CLANG_WARN_UNGUARDED_AVAILABILITY = YES_AGGRESSIVE;
				CLANG_WARN_UNREACHABLE_CODE = YES;
				CLANG_WARN__DUPLICATE_METHOD_MATCH = YES;
				CODE_SIGN_IDENTITY = "iPhone Developer";
				COPY_PHASE_STRIP = NO;
				DEBUG_INFORMATION_FORMAT = "dwarf-with-dsym";
				ENABLE_NS_ASSERTIONS = NO;
				ENABLE_STRICT_OBJC_MSGSEND = YES;
				GCC_C_LANGUAGE_STANDARD = gnu11;
				GCC_NO_COMMON_BLOCKS = YES;
				GCC_WARN_64_TO_32_BIT_CONVERSION = YES;
				GCC_WARN_ABOUT_RETURN_TYPE = YES_ERROR;
				GCC_WARN_UNDECLARED_SELECTOR = YES;
				GCC_WARN_UNINITIALIZED_AUTOS = YES_AGGRESSIVE;
				GCC_WARN_UNUSED_FUNCTION = YES;
				GCC_WARN_UNUSED_VARIABLE = YES;
				IPHONEOS_DEPLOYMENT_TARGET = 11.2;
				MTL_ENABLE_DEBUG_INFO = NO;
				SDKROOT = iphoneos;
				SWIFT_OPTIMIZATION_LEVEL = "-Owholemodule";
				VALIDATE_PRODUCT = YES;
			};
			name = Release;
		};
		D6A32FB31FDE80EF004BDE36 /* Debug */ = {
			isa = XCBuildConfiguration;
			baseConfigurationReference = AC7FAB820FED92779DC64DA0 /* Pods-ColorBook2.debug.xcconfig */;
			buildSettings = {
				ASSETCATALOG_COMPILER_APPICON_NAME = AppIcon;
				"CODE_SIGN_IDENTITY[sdk=iphoneos*]" = "iPhone Developer";
				CODE_SIGN_STYLE = Automatic;
				DEVELOPMENT_TEAM = 57Q5297599;
				INFOPLIST_FILE = ColorBook2/Info.plist;
				IPHONEOS_DEPLOYMENT_TARGET = 9.0;
				LD_RUNPATH_SEARCH_PATHS = "$(inherited) @executable_path/Frameworks";
				PRODUCT_BUNDLE_IDENTIFIER = sun.ColorBook2;
				PRODUCT_NAME = "$(TARGET_NAME)";
				PROVISIONING_PROFILE_SPECIFIER = "";
				SWIFT_VERSION = 4.0;
				TARGETED_DEVICE_FAMILY = "1,2";
			};
			name = Debug;
		};
		D6A32FB41FDE80EF004BDE36 /* Release */ = {
			isa = XCBuildConfiguration;
			baseConfigurationReference = A500426424B8CBF243A00F82 /* Pods-ColorBook2.release.xcconfig */;
			buildSettings = {
				ASSETCATALOG_COMPILER_APPICON_NAME = AppIcon;
				"CODE_SIGN_IDENTITY[sdk=iphoneos*]" = "iPhone Developer";
				CODE_SIGN_STYLE = Automatic;
				DEVELOPMENT_TEAM = 57Q5297599;
				INFOPLIST_FILE = ColorBook2/Info.plist;
				IPHONEOS_DEPLOYMENT_TARGET = 9.0;
				LD_RUNPATH_SEARCH_PATHS = "$(inherited) @executable_path/Frameworks";
				PRODUCT_BUNDLE_IDENTIFIER = sun.ColorBook2;
				PRODUCT_NAME = "$(TARGET_NAME)";
				PROVISIONING_PROFILE_SPECIFIER = "";
				SWIFT_VERSION = 4.0;
				TARGETED_DEVICE_FAMILY = "1,2";
			};
			name = Release;
		};
		D6A32FB61FDE80EF004BDE36 /* Debug */ = {
			isa = XCBuildConfiguration;
			buildSettings = {
				ALWAYS_EMBED_SWIFT_STANDARD_LIBRARIES = YES;
				BUNDLE_LOADER = "$(TEST_HOST)";
				CODE_SIGN_STYLE = Automatic;
				DEVELOPMENT_TEAM = JM4VM9CSV8;
				INFOPLIST_FILE = ColorBook2Tests/Info.plist;
				LD_RUNPATH_SEARCH_PATHS = "$(inherited) @executable_path/Frameworks @loader_path/Frameworks";
				PRODUCT_BUNDLE_IDENTIFIER = shuqin.ColorBook2Tests;
				PRODUCT_NAME = "$(TARGET_NAME)";
				SWIFT_VERSION = 4.0;
				TARGETED_DEVICE_FAMILY = "1,2";
				TEST_HOST = "$(BUILT_PRODUCTS_DIR)/ColorBook2.app/ColorBook2";
			};
			name = Debug;
		};
		D6A32FB71FDE80EF004BDE36 /* Release */ = {
			isa = XCBuildConfiguration;
			buildSettings = {
				ALWAYS_EMBED_SWIFT_STANDARD_LIBRARIES = YES;
				BUNDLE_LOADER = "$(TEST_HOST)";
				CODE_SIGN_STYLE = Automatic;
				DEVELOPMENT_TEAM = JM4VM9CSV8;
				INFOPLIST_FILE = ColorBook2Tests/Info.plist;
				LD_RUNPATH_SEARCH_PATHS = "$(inherited) @executable_path/Frameworks @loader_path/Frameworks";
				PRODUCT_BUNDLE_IDENTIFIER = shuqin.ColorBook2Tests;
				PRODUCT_NAME = "$(TARGET_NAME)";
				SWIFT_VERSION = 4.0;
				TARGETED_DEVICE_FAMILY = "1,2";
				TEST_HOST = "$(BUILT_PRODUCTS_DIR)/ColorBook2.app/ColorBook2";
			};
			name = Release;
		};
		D6A32FB91FDE80EF004BDE36 /* Debug */ = {
			isa = XCBuildConfiguration;
			buildSettings = {
				ALWAYS_EMBED_SWIFT_STANDARD_LIBRARIES = YES;
				CODE_SIGN_STYLE = Automatic;
				DEVELOPMENT_TEAM = JM4VM9CSV8;
				INFOPLIST_FILE = ColorBook2UITests/Info.plist;
				LD_RUNPATH_SEARCH_PATHS = "$(inherited) @executable_path/Frameworks @loader_path/Frameworks";
				PRODUCT_BUNDLE_IDENTIFIER = shuqin.ColorBook2UITests;
				PRODUCT_NAME = "$(TARGET_NAME)";
				SWIFT_VERSION = 4.0;
				TARGETED_DEVICE_FAMILY = "1,2";
				TEST_TARGET_NAME = ColorBook2;
			};
			name = Debug;
		};
		D6A32FBA1FDE80EF004BDE36 /* Release */ = {
			isa = XCBuildConfiguration;
			buildSettings = {
				ALWAYS_EMBED_SWIFT_STANDARD_LIBRARIES = YES;
				CODE_SIGN_STYLE = Automatic;
				DEVELOPMENT_TEAM = JM4VM9CSV8;
				INFOPLIST_FILE = ColorBook2UITests/Info.plist;
				LD_RUNPATH_SEARCH_PATHS = "$(inherited) @executable_path/Frameworks @loader_path/Frameworks";
				PRODUCT_BUNDLE_IDENTIFIER = shuqin.ColorBook2UITests;
				PRODUCT_NAME = "$(TARGET_NAME)";
				SWIFT_VERSION = 4.0;
				TARGETED_DEVICE_FAMILY = "1,2";
				TEST_TARGET_NAME = ColorBook2;
			};
			name = Release;
		};
/* End XCBuildConfiguration section */

/* Begin XCConfigurationList section */
		D6A32F851FDE80EF004BDE36 /* Build configuration list for PBXProject "ColorBook2" */ = {
			isa = XCConfigurationList;
			buildConfigurations = (
				D6A32FB01FDE80EF004BDE36 /* Debug */,
				D6A32FB11FDE80EF004BDE36 /* Release */,
			);
			defaultConfigurationIsVisible = 0;
			defaultConfigurationName = Release;
		};
		D6A32FB21FDE80EF004BDE36 /* Build configuration list for PBXNativeTarget "ColorBook2" */ = {
			isa = XCConfigurationList;
			buildConfigurations = (
				D6A32FB31FDE80EF004BDE36 /* Debug */,
				D6A32FB41FDE80EF004BDE36 /* Release */,
			);
			defaultConfigurationIsVisible = 0;
			defaultConfigurationName = Release;
		};
		D6A32FB51FDE80EF004BDE36 /* Build configuration list for PBXNativeTarget "ColorBook2Tests" */ = {
			isa = XCConfigurationList;
			buildConfigurations = (
				D6A32FB61FDE80EF004BDE36 /* Debug */,
				D6A32FB71FDE80EF004BDE36 /* Release */,
			);
			defaultConfigurationIsVisible = 0;
			defaultConfigurationName = Release;
		};
		D6A32FB81FDE80EF004BDE36 /* Build configuration list for PBXNativeTarget "ColorBook2UITests" */ = {
			isa = XCConfigurationList;
			buildConfigurations = (
				D6A32FB91FDE80EF004BDE36 /* Debug */,
				D6A32FBA1FDE80EF004BDE36 /* Release */,
			);
			defaultConfigurationIsVisible = 0;
			defaultConfigurationName = Release;
		};
/* End XCConfigurationList section */
	};
	rootObject = D6A32F821FDE80EF004BDE36 /* Project object */;
}
